
Microsoft Visual Studio Solution File, Format Version 12.00
# Visual Studio 15
VisualStudioVersion = 15.0.28307.271
MinimumVisualStudioVersion = 10.0.40219.1
Project("{FAE04EC0-301F-11D3-BF4B-00C04F79EFBC}") = "ShoppingCart", "ShoppingCart\ShoppingCart.csproj", "{A26CAF98-5231-4E15-B86E-8B014B2D2269}"
EndProject
Project("{FAE04EC0-301F-11D3-BF4B-00C04F79EFBC}") = "ShoppingCartNUnitTest", "ShoppingCartNUnitTest\ShoppingCartNUnitTest.csproj", "{BDF166BB-A3D7-425E-988D-BB76FB950818}"
EndProject
Global
	GlobalSection(SolutionConfigurationPlatforms) = preSolution
		Debug|Any CPU = Debug|Any CPU
		Release|Any CPU = Release|Any CPU
	EndGlobalSection
	GlobalSection(ProjectConfigurationPlatforms) = postSolution
		{A26CAF98-5231-4E15-B86E-8B014B2D2269}.Debug|Any CPU.ActiveCfg = Debug|Any CPU
		{A26CAF98-5231-4E15-B86E-8B014B2D2269}.Debug|Any CPU.Build.0 = Debug|Any CPU
		{A26CAF98-5231-4E15-B86E-8B014B2D2269}.Release|Any CPU.ActiveCfg = Release|Any CPU
		{A26CAF98-5231-4E15-B86E-8B014B2D2269}.Release|Any CPU.Build.0 = Release|Any CPU
		{BDF166BB-A3D7-425E-988D-BB76FB950818}.Debug|Any CPU.ActiveCfg = Debug|Any CPU
		{BDF166BB-A3D7-425E-988D-BB76FB950818}.Debug|Any CPU.Build.0 = Debug|Any CPU
		{BDF166BB-A3D7-425E-988D-BB76FB950818}.Release|Any CPU.ActiveCfg = Release|Any CPU
		{BDF166BB-A3D7-425E-988D-BB76FB950818}.Release|Any CPU.Build.0 = Release|Any CPU
	EndGlobalSection
	GlobalSection(SolutionProperties) = preSolution
		HideSolutionNode = FALSE
	EndGlobalSection
	GlobalSection(ExtensibilityGlobals) = postSolution
		SolutionGuid = {C4D5307E-4785-42CD-9132-438B485FA628}
	EndGlobalSection
EndGlobal
